
Microsoft Visual Studio Solution File, Format Version 12.00
# Visual Studio Version 16
VisualStudioVersion = 16.0.810.25
MinimumVisualStudioVersion = 10.0.40219.1
Project("{FAE04EC0-301F-11D3-BF4B-00C04F79EFBC}") = "anna_hw1", "anna_hw1\anna_hw1.csproj", "{736A4105-F59B-4991-93D2-2348DD9B042E}"
EndProject
Global
	GlobalSection(SolutionConfigurationPlatforms) = preSolution
		Debug|Any CPU = Debug|Any CPU
		Release|Any CPU = Release|Any CPU
	EndGlobalSection
	GlobalSection(ProjectConfigurationPlatforms) = postSolution
		{736A4105-F59B-4991-93D2-2348DD9B042E}.Debug|Any CPU.ActiveCfg = Debug|Any CPU
		{736A4105-F59B-4991-93D2-2348DD9B042E}.Debug|Any CPU.Build.0 = Debug|Any CPU
		{736A4105-F59B-4991-93D2-2348DD9B042E}.Release|Any CPU.ActiveCfg = Release|Any CPU
		{736A4105-F59B-4991-93D2-2348DD9B042E}.Release|Any CPU.Build.0 = Release|Any CPU
	EndGlobalSection
	GlobalSection(SolutionProperties) = preSolution
		HideSolutionNode = FALSE
	EndGlobalSection
	GlobalSection(ExtensibilityGlobals) = postSolution
		SolutionGuid = {AA331B7C-1ACB-4800-A544-38623272212D}
	EndGlobalSection
EndGlobal
